// !$*UTF8*$!
{
	archiveVersion = 1;
	classes = {
	};
	objectVersion = 50;
	objects = {

/* Begin PBXBuildFile section */
		EFAA0C5F251CB7560088E526 /* AppDelegate.swift in Sources */ = {isa = PBXBuildFile; fileRef = EFAA0C5E251CB7560088E526 /* AppDelegate.swift */; };
		EFAA0C61251CB7560088E526 /* SceneDelegate.swift in Sources */ = {isa = PBXBuildFile; fileRef = EFAA0C60251CB7560088E526 /* SceneDelegate.swift */; };
		EFAA0C63251CB7560088E526 /* ViewController.swift in Sources */ = {isa = PBXBuildFile; fileRef = EFAA0C62251CB7560088E526 /* ViewController.swift */; };
		EFAA0C66251CB7560088E526 /* Main.storyboard in Resources */ = {isa = PBXBuildFile; fileRef = EFAA0C64251CB7560088E526 /* Main.storyboard */; };
		EFAA0C68251CB7570088E526 /* Assets.xcassets in Resources */ = {isa = PBXBuildFile; fileRef = EFAA0C67251CB7570088E526 /* Assets.xcassets */; };
		EFAA0C6B251CB7570088E526 /* LaunchScreen.storyboard in Resources */ = {isa = PBXBuildFile; fileRef = EFAA0C69251CB7570088E526 /* LaunchScreen.storyboard */; };
		EFAA0C76251CB7570088E526 /* TodoListTests.swift in Sources */ = {isa = PBXBuildFile; fileRef = EFAA0C75251CB7570088E526 /* TodoListTests.swift */; };
		EFAA0C81251CB7580088E526 /* TodoListUITests.swift in Sources */ = {isa = PBXBuildFile; fileRef = EFAA0C80251CB7580088E526 /* TodoListUITests.swift */; };
/* End PBXBuildFile section */

/* Begin PBXContainerItemProxy section */
		EFAA0C72251CB7570088E526 /* PBXContainerItemProxy */ = {
			isa = PBXContainerItemProxy;
			containerPortal = EFAA0C53251CB7560088E526 /* Project object */;
			proxyType = 1;
			remoteGlobalIDString = EFAA0C5A251CB7560088E526;
			remoteInfo = TodoList;
		};
		EFAA0C7D251CB7580088E526 /* PBXContainerItemProxy */ = {
			isa = PBXContainerItemProxy;
			containerPortal = EFAA0C53251CB7560088E526 /* Project object */;
			proxyType = 1;
			remoteGlobalIDString = EFAA0C5A251CB7560088E526;
			remoteInfo = TodoList;
		};
/* End PBXContainerItemProxy section */

/* Begin PBXFileReference section */
		EFAA0C5B251CB7560088E526 /* TodoList.app */ = {isa = PBXFileReference; explicitFileType = wrapper.application; includeInIndex = 0; path = TodoList.app; sourceTree = BUILT_PRODUCTS_DIR; };
		EFAA0C5E251CB7560088E526 /* AppDelegate.swift */ = {isa = PBXFileReference; lastKnownFileType = sourcecode.swift; path = AppDelegate.swift; sourceTree = "<group>"; };
		EFAA0C60251CB7560088E526 /* SceneDelegate.swift */ = {isa = PBXFileReference; lastKnownFileType = sourcecode.swift; path = SceneDelegate.swift; sourceTree = "<group>"; };
		EFAA0C62251CB7560088E526 /* ViewController.swift */ = {isa = PBXFileReference; lastKnownFileType = sourcecode.swift; path = ViewController.swift; sourceTree = "<group>"; };
		EFAA0C65251CB7560088E526 /* Base */ = {isa = PBXFileReference; lastKnownFileType = file.storyboard; name = Base; path = Base.lproj/Main.storyboard; sourceTree = "<group>"; };
		EFAA0C67251CB7570088E526 /* Assets.xcassets */ = {isa = PBXFileReference; lastKnownFileType = folder.assetcatalog; path = Assets.xcassets; sourceTree = "<group>"; };
		EFAA0C6A251CB7570088E526 /* Base */ = {isa = PBXFileReference; lastKnownFileType = file.storyboard; name = Base; path = Base.lproj/LaunchScreen.storyboard; sourceTree = "<group>"; };
		EFAA0C6C251CB7570088E526 /* Info.plist */ = {isa = PBXFileReference; lastKnownFileType = text.plist.xml; path = Info.plist; sourceTree = "<group>"; };
		EFAA0C71251CB7570088E526 /* TodoListTests.xctest */ = {isa = PBXFileReference; explicitFileType = wrapper.cfbundle; includeInIndex = 0; path = TodoListTests.xctest; sourceTree = BUILT_PRODUCTS_DIR; };
		EFAA0C75251CB7570088E526 /* TodoListTests.swift */ = {isa = PBXFileReference; lastKnownFileType = sourcecode.swift; path = TodoListTests.swift; sourceTree = "<group>"; };
		EFAA0C77251CB7570088E526 /* Info.plist */ = {isa = PBXFileReference; lastKnownFileType = text.plist.xml; path = Info.plist; sourceTree = "<group>"; };
		EFAA0C7C251CB7580088E526 /* TodoListUITests.xctest */ = {isa = PBXFileReference; explicitFileType = wrapper.cfbundle; includeInIndex = 0; path = TodoListUITests.xctest; sourceTree = BUILT_PRODUCTS_DIR; };
		EFAA0C80251CB7580088E526 /* TodoListUITests.swift */ = {isa = PBXFileReference; lastKnownFileType = sourcecode.swift; path = TodoListUITests.swift; sourceTree = "<group>"; };
		EFAA0C82251CB7580088E526 /* Info.plist */ = {isa = PBXFileReference; lastKnownFileType = text.plist.xml; path = Info.plist; sourceTree = "<group>"; };
/* End PBXFileReference section */

/* Begin PBXFrameworksBuildPhase section */
		EFAA0C58251CB7560088E526 /* Frameworks */ = {
			isa = PBXFrameworksBuildPhase;
			buildActionMask = 2147483647;
			files = (
			);
			runOnlyForDeploymentPostprocessing = 0;
		};
		EFAA0C6E251CB7570088E526 /* Frameworks */ = {
			isa = PBXFrameworksBuildPhase;
			buildActionMask = 2147483647;
			files = (
			);
			runOnlyForDeploymentPostprocessing = 0;
		};
		EFAA0C79251CB7580088E526 /* Frameworks */ = {
			isa = PBXFrameworksBuildPhase;
			buildActionMask = 2147483647;
			files = (
			);
			runOnlyForDeploymentPostprocessing = 0;
		};
/* End PBXFrameworksBuildPhase section */

/* Begin PBXGroup section */
		EFAA0C52251CB7560088E526 = {
			isa = PBXGroup;
			children = (
				EFAA0C5D251CB7560088E526 /* TodoList */,
				EFAA0C74251CB7570088E526 /* TodoListTests */,
				EFAA0C7F251CB7580088E526 /* TodoListUITests */,
				EFAA0C5C251CB7560088E526 /* Products */,
			);
			sourceTree = "<group>";
		};
		EFAA0C5C251CB7560088E526 /* Products */ = {
			isa = PBXGroup;
			children = (
				EFAA0C5B251CB7560088E526 /* TodoList.app */,
				EFAA0C71251CB7570088E526 /* TodoListTests.xctest */,
				EFAA0C7C251CB7580088E526 /* TodoListUITests.xctest */,
			);
			name = Products;
			sourceTree = "<group>";
		};
		EFAA0C5D251CB7560088E526 /* TodoList */ = {
			isa = PBXGroup;
			children = (
				EFAA0C5E251CB7560088E526 /* AppDelegate.swift */,
				EFAA0C60251CB7560088E526 /* SceneDelegate.swift */,
				EFAA0C62251CB7560088E526 /* ViewController.swift */,
				EFAA0C64251CB7560088E526 /* Main.storyboard */,
				EFAA0C67251CB7570088E526 /* Assets.xcassets */,
				EFAA0C69251CB7570088E526 /* LaunchScreen.storyboard */,
				EFAA0C6C251CB7570088E526 /* Info.plist */,
			);
			path = TodoList;
			sourceTree = "<group>";
		};
		EFAA0C74251CB7570088E526 /* TodoListTests */ = {
			isa = PBXGroup;
			children = (
				EFAA0C75251CB7570088E526 /* TodoListTests.swift */,
				EFAA0C77251CB7570088E526 /* Info.plist */,
			);
			path = TodoListTests;
			sourceTree = "<group>";
		};
		EFAA0C7F251CB7580088E526 /* TodoListUITests */ = {
			isa = PBXGroup;
			children = (
				EFAA0C80251CB7580088E526 /* TodoListUITests.swift */,
				EFAA0C82251CB7580088E526 /* Info.plist */,
			);
			path = TodoListUITests;
			sourceTree = "<group>";
		};
/* End PBXGroup section */

/* Begin PBXNativeTarget section */
		EFAA0C5A251CB7560088E526 /* TodoList */ = {
			isa = PBXNativeTarget;
			buildConfigurationList = EFAA0C85251CB7580088E526 /* Build configuration list for PBXNativeTarget "TodoList" */;
			buildPhases = (
				EFAA0C57251CB7560088E526 /* Sources */,
				EFAA0C58251CB7560088E526 /* Frameworks */,
				EFAA0C59251CB7560088E526 /* Resources */,
			);
			buildRules = (
			);
			dependencies = (
			);
			name = TodoList;
			productName = TodoList;
			productReference = EFAA0C5B251CB7560088E526 /* TodoList.app */;
			productType = "com.apple.product-type.application";
		};
		EFAA0C70251CB7570088E526 /* TodoListTests */ = {
			isa = PBXNativeTarget;
			buildConfigurationList = EFAA0C88251CB7580088E526 /* Build configuration list for PBXNativeTarget "TodoListTests" */;
			buildPhases = (
				EFAA0C6D251CB7570088E526 /* Sources */,
				EFAA0C6E251CB7570088E526 /* Frameworks */,
				EFAA0C6F251CB7570088E526 /* Resources */,
			);
			buildRules = (
			);
			dependencies = (
				EFAA0C73251CB7570088E526 /* PBXTargetDependency */,
			);
			name = TodoListTests;
			productName = TodoListTests;
			productReference = EFAA0C71251CB7570088E526 /* TodoListTests.xctest */;
			productType = "com.apple.product-type.bundle.unit-test";
		};
		EFAA0C7B251CB7580088E526 /* TodoListUITests */ = {
			isa = PBXNativeTarget;
			buildConfigurationList = EFAA0C8B251CB7580088E526 /* Build configuration list for PBXNativeTarget "TodoListUITests" */;
			buildPhases = (
				EFAA0C78251CB7580088E526 /* Sources */,
				EFAA0C79251CB7580088E526 /* Frameworks */,
				EFAA0C7A251CB7580088E526 /* Resources */,
			);
			buildRules = (
			);
			dependencies = (
				EFAA0C7E251CB7580088E526 /* PBXTargetDependency */,
			);
			name = TodoListUITests;
			productName = TodoListUITests;
			productReference = EFAA0C7C251CB7580088E526 /* TodoListUITests.xctest */;
			productType = "com.apple.product-type.bundle.ui-testing";
		};
/* End PBXNativeTarget section */

/* Begin PBXProject section */
		EFAA0C53251CB7560088E526 /* Project object */ = {
			isa = PBXProject;
			attributes = {
				LastSwiftUpdateCheck = 1200;
				LastUpgradeCheck = 1200;
				TargetAttributes = {
					EFAA0C5A251CB7560088E526 = {
						CreatedOnToolsVersion = 12.0;
					};
					EFAA0C70251CB7570088E526 = {
						CreatedOnToolsVersion = 12.0;
						TestTargetID = EFAA0C5A251CB7560088E526;
					};
					EFAA0C7B251CB7580088E526 = {
						CreatedOnToolsVersion = 12.0;
						TestTargetID = EFAA0C5A251CB7560088E526;
					};
				};
			};
			buildConfigurationList = EFAA0C56251CB7560088E526 /* Build configuration list for PBXProject "TodoList" */;
			compatibilityVersion = "Xcode 9.3";
			developmentRegion = en;
			hasScannedForEncodings = 0;
			knownRegions = (
				en,
				Base,
			);
			mainGroup = EFAA0C52251CB7560088E526;
			productRefGroup = EFAA0C5C251CB7560088E526 /* Products */;
			projectDirPath = "";
			projectRoot = "";
			targets = (
				EFAA0C5A251CB7560088E526 /* TodoList */,
				EFAA0C70251CB7570088E526 /* TodoListTests */,
				EFAA0C7B251CB7580088E526 /* TodoListUITests */,
			);
		};
/* End PBXProject section */

/* Begin PBXResourcesBuildPhase section */
		EFAA0C59251CB7560088E526 /* Resources */ = {
			isa = PBXResourcesBuildPhase;
			buildActionMask = 2147483647;
			files = (
				EFAA0C6B251CB7570088E526 /* LaunchScreen.storyboard in Resources */,
				EFAA0C68251CB7570088E526 /* Assets.xcassets in Resources */,
				EFAA0C66251CB7560088E526 /* Main.storyboard in Resources */,
			);
			runOnlyForDeploymentPostprocessing = 0;
		};
		EFAA0C6F251CB7570088E526 /* Resources */ = {
			isa = PBXResourcesBuildPhase;
			buildActionMask = 2147483647;
			files = (
			);
			runOnlyForDeploymentPostprocessing = 0;
		};
		EFAA0C7A251CB7580088E526 /* Resources */ = {
			isa = PBXResourcesBuildPhase;
			buildActionMask = 2147483647;
			files = (
			);
			runOnlyForDeploymentPostprocessing = 0;
		};
/* End PBXResourcesBuildPhase section */

/* Begin PBXSourcesBuildPhase section */
		EFAA0C57251CB7560088E526 /* Sources */ = {
			isa = PBXSourcesBuildPhase;
			buildActionMask = 2147483647;
			files = (
				EFAA0C63251CB7560088E526 /* ViewController.swift in Sources */,
				EFAA0C5F251CB7560088E526 /* AppDelegate.swift in Sources */,
				EFAA0C61251CB7560088E526 /* SceneDelegate.swift in Sources */,
			);
			runOnlyForDeploymentPostprocessing = 0;
		};
		EFAA0C6D251CB7570088E526 /* Sources */ = {
			isa = PBXSourcesBuildPhase;
			buildActionMask = 2147483647;
			files = (
				EFAA0C76251CB7570088E526 /* TodoListTests.swift in Sources */,
			);
			runOnlyForDeploymentPostprocessing = 0;
		};
		EFAA0C78251CB7580088E526 /* Sources */ = {
			isa = PBXSourcesBuildPhase;
			buildActionMask = 2147483647;
			files = (
				EFAA0C81251CB7580088E526 /* TodoListUITests.swift in Sources */,
			);
			runOnlyForDeploymentPostprocessing = 0;
		};
/* End PBXSourcesBuildPhase section */

/* Begin PBXTargetDependency section */
		EFAA0C73251CB7570088E526 /* PBXTargetDependency */ = {
			isa = PBXTargetDependency;
			target = EFAA0C5A251CB7560088E526 /* TodoList */;
			targetProxy = EFAA0C72251CB7570088E526 /* PBXContainerItemProxy */;
		};
		EFAA0C7E251CB7580088E526 /* PBXTargetDependency */ = {
			isa = PBXTargetDependency;
			target = EFAA0C5A251CB7560088E526 /* TodoList */;
			targetProxy = EFAA0C7D251CB7580088E526 /* PBXContainerItemProxy */;
		};
/* End PBXTargetDependency section */

/* Begin PBXVariantGroup section */
		EFAA0C64251CB7560088E526 /* Main.storyboard */ = {
			isa = PBXVariantGroup;
			children = (
				EFAA0C65251CB7560088E526 /* Base */,
			);
			name = Main.storyboard;
			sourceTree = "<group>";
		};
		EFAA0C69251CB7570088E526 /* LaunchScreen.storyboard */ = {
			isa = PBXVariantGroup;
			children = (
				EFAA0C6A251CB7570088E526 /* Base */,
			);
			name = LaunchScreen.storyboard;
			sourceTree = "<group>";
		};
/* End PBXVariantGroup section */

/* Begin XCBuildConfiguration section */
		EFAA0C83251CB7580088E526 /* Debug */ = {
			isa = XCBuildConfiguration;
			buildSettings = {
				ALWAYS_SEARCH_USER_PATHS = NO;
				CLANG_ANALYZER_NONNULL = YES;
				CLANG_ANALYZER_NUMBER_OBJECT_CONVERSION = YES_AGGRESSIVE;
				CLANG_CXX_LANGUAGE_STANDARD = "gnu++14";
				CLANG_CXX_LIBRARY = "libc++";
				CLANG_ENABLE_MODULES = YES;
				CLANG_ENABLE_OBJC_ARC = YES;
				CLANG_ENABLE_OBJC_WEAK = YES;
				CLANG_WARN_BLOCK_CAPTURE_AUTORELEASING = YES;
				CLANG_WARN_BOOL_CONVERSION = YES;
				CLANG_WARN_COMMA = YES;
				CLANG_WARN_CONSTANT_CONVERSION = YES;
				CLANG_WARN_DEPRECATED_OBJC_IMPLEMENTATIONS = YES;
				CLANG_WARN_DIRECT_OBJC_ISA_USAGE = YES_ERROR;
				CLANG_WARN_DOCUMENTATION_COMMENTS = YES;
				CLANG_WARN_EMPTY_BODY = YES;
				CLANG_WARN_ENUM_CONVERSION = YES;
				CLANG_WARN_INFINITE_RECURSION = YES;
				CLANG_WARN_INT_CONVERSION = YES;
				CLANG_WARN_NON_LITERAL_NULL_CONVERSION = YES;
				CLANG_WARN_OBJC_IMPLICIT_RETAIN_SELF = YES;
				CLANG_WARN_OBJC_LITERAL_CONVERSION = YES;
				CLANG_WARN_OBJC_ROOT_CLASS = YES_ERROR;
				CLANG_WARN_QUOTED_INCLUDE_IN_FRAMEWORK_HEADER = YES;
				CLANG_WARN_RANGE_LOOP_ANALYSIS = YES;
				CLANG_WARN_STRICT_PROTOTYPES = YES;
				CLANG_WARN_SUSPICIOUS_MOVE = YES;
				CLANG_WARN_UNGUARDED_AVAILABILITY = YES_AGGRESSIVE;
				CLANG_WARN_UNREACHABLE_CODE = YES;
				CLANG_WARN__DUPLICATE_METHOD_MATCH = YES;
				COPY_PHASE_STRIP = NO;
				DEBUG_INFORMATION_FORMAT = dwarf;
				ENABLE_STRICT_OBJC_MSGSEND = YES;
				ENABLE_TESTABILITY = YES;
				GCC_C_LANGUAGE_STANDARD = gnu11;
				GCC_DYNAMIC_NO_PIC = NO;
				GCC_NO_COMMON_BLOCKS = YES;
				GCC_OPTIMIZATION_LEVEL = 0;
				GCC_PREPROCESSOR_DEFINITIONS = (
					"DEBUG=1",
					"$(inherited)",
				);
				GCC_WARN_64_TO_32_BIT_CONVERSION = YES;
				GCC_WARN_ABOUT_RETURN_TYPE = YES_ERROR;
				GCC_WARN_UNDECLARED_SELECTOR = YES;
				GCC_WARN_UNINITIALIZED_AUTOS = YES_AGGRESSIVE;
				GCC_WARN_UNUSED_FUNCTION = YES;
				GCC_WARN_UNUSED_VARIABLE = YES;
				IPHONEOS_DEPLOYMENT_TARGET = 14.0;
				MTL_ENABLE_DEBUG_INFO = INCLUDE_SOURCE;
				MTL_FAST_MATH = YES;
				ONLY_ACTIVE_ARCH = YES;
				SDKROOT = iphoneos;
				SWIFT_ACTIVE_COMPILATION_CONDITIONS = DEBUG;
				SWIFT_OPTIMIZATION_LEVEL = "-Onone";
			};
			name = Debug;
		};
		EFAA0C84251CB7580088E526 /* Release */ = {
			isa = XCBuildConfiguration;
			buildSettings = {
				ALWAYS_SEARCH_USER_PATHS = NO;
				CLANG_ANALYZER_NONNULL = YES;
				CLANG_ANALYZER_NUMBER_OBJECT_CONVERSION = YES_AGGRESSIVE;
				CLANG_CXX_LANGUAGE_STANDARD = "gnu++14";
				CLANG_CXX_LIBRARY = "libc++";
				CLANG_ENABLE_MODULES = YES;
				CLANG_ENABLE_OBJC_ARC = YES;
				CLANG_ENABLE_OBJC_WEAK = YES;
				CLANG_WARN_BLOCK_CAPTURE_AUTORELEASING = YES;
				CLANG_WARN_BOOL_CONVERSION = YES;
				CLANG_WARN_COMMA = YES;
				CLANG_WARN_CONSTANT_CONVERSION = YES;
				CLANG_WARN_DEPRECATED_OBJC_IMPLEMENTATIONS = YES;
				CLANG_WARN_DIRECT_OBJC_ISA_USAGE = YES_ERROR;
				CLANG_WARN_DOCUMENTATION_COMMENTS = YES;
				CLANG_WARN_EMPTY_BODY = YES;
				CLANG_WARN_ENUM_CONVERSION = YES;
				CLANG_WARN_INFINITE_RECURSION = YES;
				CLANG_WARN_INT_CONVERSION = YES;
				CLANG_WARN_NON_LITERAL_NULL_CONVERSION = YES;
				CLANG_WARN_OBJC_IMPLICIT_RETAIN_SELF = YES;
				CLANG_WARN_OBJC_LITERAL_CONVERSION = YES;
				CLANG_WARN_OBJC_ROOT_CLASS = YES_ERROR;
				CLANG_WARN_QUOTED_INCLUDE_IN_FRAMEWORK_HEADER = YES;
				CLANG_WARN_RANGE_LOOP_ANALYSIS = YES;
				CLANG_WARN_STRICT_PROTOTYPES = YES;
				CLANG_WARN_SUSPICIOUS_MOVE = YES;
				CLANG_WARN_UNGUARDED_AVAILABILITY = YES_AGGRESSIVE;
				CLANG_WARN_UNREACHABLE_CODE = YES;
				CLANG_WARN__DUPLICATE_METHOD_MATCH = YES;
				COPY_PHASE_STRIP = NO;
				DEBUG_INFORMATION_FORMAT = "dwarf-with-dsym";
				ENABLE_NS_ASSERTIONS = NO;
				ENABLE_STRICT_OBJC_MSGSEND = YES;
				GCC_C_LANGUAGE_STANDARD = gnu11;
				GCC_NO_COMMON_BLOCKS = YES;
				GCC_WARN_64_TO_32_BIT_CONVERSION = YES;
				GCC_WARN_ABOUT_RETURN_TYPE = YES_ERROR;
				GCC_WARN_UNDECLARED_SELECTOR = YES;
				GCC_WARN_UNINITIALIZED_AUTOS = YES_AGGRESSIVE;
				GCC_WARN_UNUSED_FUNCTION = YES;
				GCC_WARN_UNUSED_VARIABLE = YES;
				IPHONEOS_DEPLOYMENT_TARGET = 14.0;
				MTL_ENABLE_DEBUG_INFO = NO;
				MTL_FAST_MATH = YES;
				SDKROOT = iphoneos;
				SWIFT_COMPILATION_MODE = wholemodule;
				SWIFT_OPTIMIZATION_LEVEL = "-O";
				VALIDATE_PRODUCT = YES;
			};
			name = Release;
		};
		EFAA0C86251CB7580088E526 /* Debug */ = {
			isa = XCBuildConfiguration;
			buildSettings = {
				ASSETCATALOG_COMPILER_APPICON_NAME = AppIcon;
				ASSETCATALOG_COMPILER_GLOBAL_ACCENT_COLOR_NAME = AccentColor;
				CODE_SIGN_STYLE = Automatic;
				INFOPLIST_FILE = TodoList/Info.plist;
				LD_RUNPATH_SEARCH_PATHS = (
					"$(inherited)",
					"@executable_path/Frameworks",
				);
				PRODUCT_BUNDLE_IDENTIFIER = JSY.TodoList;
				PRODUCT_NAME = "$(TARGET_NAME)";
				SWIFT_VERSION = 5.0;
				TARGETED_DEVICE_FAMILY = "1,2";
			};
			name = Debug;
		};
		EFAA0C87251CB7580088E526 /* Release */ = {
			isa = XCBuildConfiguration;
			buildSettings = {
				ASSETCATALOG_COMPILER_APPICON_NAME = AppIcon;
				ASSETCATALOG_COMPILER_GLOBAL_ACCENT_COLOR_NAME = AccentColor;
				CODE_SIGN_STYLE = Automatic;
				INFOPLIST_FILE = TodoList/Info.plist;
				LD_RUNPATH_SEARCH_PATHS = (
					"$(inherited)",
					"@executable_path/Frameworks",
				);
				PRODUCT_BUNDLE_IDENTIFIER = JSY.TodoList;
				PRODUCT_NAME = "$(TARGET_NAME)";
				SWIFT_VERSION = 5.0;
				TARGETED_DEVICE_FAMILY = "1,2";
			};
			name = Release;
		};
		EFAA0C89251CB7580088E526 /* Debug */ = {
			isa = XCBuildConfiguration;
			buildSettings = {
				ALWAYS_EMBED_SWIFT_STANDARD_LIBRARIES = YES;
				BUNDLE_LOADER = "$(TEST_HOST)";
				CODE_SIGN_STYLE = Automatic;
				INFOPLIST_FILE = TodoListTests/Info.plist;
				IPHONEOS_DEPLOYMENT_TARGET = 14.0;
				LD_RUNPATH_SEARCH_PATHS = (
					"$(inherited)",
					"@executable_path/Frameworks",
					"@loader_path/Frameworks",
				);
				PRODUCT_BUNDLE_IDENTIFIER = JSY.TodoListTests;
				PRODUCT_NAME = "$(TARGET_NAME)";
				SWIFT_VERSION = 5.0;
				TARGETED_DEVICE_FAMILY = "1,2";
				TEST_HOST = "$(BUILT_PRODUCTS_DIR)/TodoList.app/TodoList";
			};
			name = Debug;
		};
		EFAA0C8A251CB7580088E526 /* Release */ = {
			isa = XCBuildConfiguration;
			buildSettings = {
				ALWAYS_EMBED_SWIFT_STANDARD_LIBRARIES = YES;
				BUNDLE_LOADER = "$(TEST_HOST)";
				CODE_SIGN_STYLE = Automatic;
				INFOPLIST_FILE = TodoListTests/Info.plist;
				IPHONEOS_DEPLOYMENT_TARGET = 14.0;
				LD_RUNPATH_SEARCH_PATHS = (
					"$(inherited)",
					"@executable_path/Frameworks",
					"@loader_path/Frameworks",
				);
				PRODUCT_BUNDLE_IDENTIFIER = JSY.TodoListTests;
				PRODUCT_NAME = "$(TARGET_NAME)";
				SWIFT_VERSION = 5.0;
				TARGETED_DEVICE_FAMILY = "1,2";
				TEST_HOST = "$(BUILT_PRODUCTS_DIR)/TodoList.app/TodoList";
			};
			name = Release;
		};
		EFAA0C8C251CB7580088E526 /* Debug */ = {
			isa = XCBuildConfiguration;
			buildSettings = {
				ALWAYS_EMBED_SWIFT_STANDARD_LIBRARIES = YES;
				CODE_SIGN_STYLE = Automatic;
				INFOPLIST_FILE = TodoListUITests/Info.plist;
				LD_RUNPATH_SEARCH_PATHS = (
					"$(inherited)",
					"@executable_path/Frameworks",
					"@loader_path/Frameworks",
				);
				PRODUCT_BUNDLE_IDENTIFIER = JSY.TodoListUITests;
				PRODUCT_NAME = "$(TARGET_NAME)";
				SWIFT_VERSION = 5.0;
				TARGETED_DEVICE_FAMILY = "1,2";
				TEST_TARGET_NAME = TodoList;
			};
			name = Debug;
		};
		EFAA0C8D251CB7580088E526 /* Release */ = {
			isa = XCBuildConfiguration;
			buildSettings = {
				ALWAYS_EMBED_SWIFT_STANDARD_LIBRARIES = YES;
				CODE_SIGN_STYLE = Automatic;
				INFOPLIST_FILE = TodoListUITests/Info.plist;
				LD_RUNPATH_SEARCH_PATHS = (
					"$(inherited)",
					"@executable_path/Frameworks",
					"@loader_path/Frameworks",
				);
				PRODUCT_BUNDLE_IDENTIFIER = JSY.TodoListUITests;
				PRODUCT_NAME = "$(TARGET_NAME)";
				SWIFT_VERSION = 5.0;
				TARGETED_DEVICE_FAMILY = "1,2";
				TEST_TARGET_NAME = TodoList;
			};
			name = Release;
		};
/* End XCBuildConfiguration section */

/* Begin XCConfigurationList section */
		EFAA0C56251CB7560088E526 /* Build configuration list for PBXProject "TodoList" */ = {
			isa = XCConfigurationList;
			buildConfigurations = (
				EFAA0C83251CB7580088E526 /* Debug */,
				EFAA0C84251CB7580088E526 /* Release */,
			);
			defaultConfigurationIsVisible = 0;
			defaultConfigurationName = Release;
		};
		EFAA0C85251CB7580088E526 /* Build configuration list for PBXNativeTarget "TodoList" */ = {
			isa = XCConfigurationList;
			buildConfigurations = (
				EFAA0C86251CB7580088E526 /* Debug */,
				EFAA0C87251CB7580088E526 /* Release */,
			);
			defaultConfigurationIsVisible = 0;
			defaultConfigurationName = Release;
		};
		EFAA0C88251CB7580088E526 /* Build configuration list for PBXNativeTarget "TodoListTests" */ = {
			isa = XCConfigurationList;
			buildConfigurations = (
				EFAA0C89251CB7580088E526 /* Debug */,
				EFAA0C8A251CB7580088E526 /* Release */,
			);
			defaultConfigurationIsVisible = 0;
			defaultConfigurationName = Release;
		};
		EFAA0C8B251CB7580088E526 /* Build configuration list for PBXNativeTarget "TodoListUITests" */ = {
			isa = XCConfigurationList;
			buildConfigurations = (
				EFAA0C8C251CB7580088E526 /* Debug */,
				EFAA0C8D251CB7580088E526 /* Release */,
			);
			defaultConfigurationIsVisible = 0;
			defaultConfigurationName = Release;
		};
/* End XCConfigurationList section */
	};
	rootObject = EFAA0C53251CB7560088E526 /* Project object */;
}
