// !$*UTF8*$!
{
	archiveVersion = 1;
	classes = {
	};
	objectVersion = 50;
	objects = {

/* Begin PBXBuildFile section */
		EF8E5562250F594B002B3D78 /* AppDelegate.swift in Sources */ = {isa = PBXBuildFile; fileRef = EF8E5561250F594B002B3D78 /* AppDelegate.swift */; };
		EF8E5564250F594B002B3D78 /* SceneDelegate.swift in Sources */ = {isa = PBXBuildFile; fileRef = EF8E5563250F594B002B3D78 /* SceneDelegate.swift */; };
		EF8E5566250F594B002B3D78 /* ViewController.swift in Sources */ = {isa = PBXBuildFile; fileRef = EF8E5565250F594B002B3D78 /* ViewController.swift */; };
		EF8E5569250F594B002B3D78 /* Main.storyboard in Resources */ = {isa = PBXBuildFile; fileRef = EF8E5567250F594B002B3D78 /* Main.storyboard */; };
		EF8E556B250F594D002B3D78 /* Assets.xcassets in Resources */ = {isa = PBXBuildFile; fileRef = EF8E556A250F594D002B3D78 /* Assets.xcassets */; };
		EF8E556E250F594D002B3D78 /* LaunchScreen.storyboard in Resources */ = {isa = PBXBuildFile; fileRef = EF8E556C250F594D002B3D78 /* LaunchScreen.storyboard */; };
		EF8E5576250F599B002B3D78 /* TestTableViewController.swift in Sources */ = {isa = PBXBuildFile; fileRef = EF8E5575250F599B002B3D78 /* TestTableViewController.swift */; };
/* End PBXBuildFile section */

/* Begin PBXFileReference section */
		EF8E555E250F594B002B3D78 /* TableViewControllerTest_1.app */ = {isa = PBXFileReference; explicitFileType = wrapper.application; includeInIndex = 0; path = TableViewControllerTest_1.app; sourceTree = BUILT_PRODUCTS_DIR; };
		EF8E5561250F594B002B3D78 /* AppDelegate.swift */ = {isa = PBXFileReference; lastKnownFileType = sourcecode.swift; path = AppDelegate.swift; sourceTree = "<group>"; };
		EF8E5563250F594B002B3D78 /* SceneDelegate.swift */ = {isa = PBXFileReference; lastKnownFileType = sourcecode.swift; path = SceneDelegate.swift; sourceTree = "<group>"; };
		EF8E5565250F594B002B3D78 /* ViewController.swift */ = {isa = PBXFileReference; lastKnownFileType = sourcecode.swift; path = ViewController.swift; sourceTree = "<group>"; };
		EF8E5568250F594B002B3D78 /* Base */ = {isa = PBXFileReference; lastKnownFileType = file.storyboard; name = Base; path = Base.lproj/Main.storyboard; sourceTree = "<group>"; };
		EF8E556A250F594D002B3D78 /* Assets.xcassets */ = {isa = PBXFileReference; lastKnownFileType = folder.assetcatalog; path = Assets.xcassets; sourceTree = "<group>"; };
		EF8E556D250F594D002B3D78 /* Base */ = {isa = PBXFileReference; lastKnownFileType = file.storyboard; name = Base; path = Base.lproj/LaunchScreen.storyboard; sourceTree = "<group>"; };
		EF8E556F250F594D002B3D78 /* Info.plist */ = {isa = PBXFileReference; lastKnownFileType = text.plist.xml; path = Info.plist; sourceTree = "<group>"; };
		EF8E5575250F599B002B3D78 /* TestTableViewController.swift */ = {isa = PBXFileReference; lastKnownFileType = sourcecode.swift; path = TestTableViewController.swift; sourceTree = "<group>"; };
/* End PBXFileReference section */

/* Begin PBXFrameworksBuildPhase section */
		EF8E555B250F594B002B3D78 /* Frameworks */ = {
			isa = PBXFrameworksBuildPhase;
			buildActionMask = 2147483647;
			files = (
			);
			runOnlyForDeploymentPostprocessing = 0;
		};
/* End PBXFrameworksBuildPhase section */

/* Begin PBXGroup section */
		EF8E5555250F594B002B3D78 = {
			isa = PBXGroup;
			children = (
				EF8E5560250F594B002B3D78 /* TableViewControllerTest_1 */,
				EF8E555F250F594B002B3D78 /* Products */,
			);
			sourceTree = "<group>";
		};
		EF8E555F250F594B002B3D78 /* Products */ = {
			isa = PBXGroup;
			children = (
				EF8E555E250F594B002B3D78 /* TableViewControllerTest_1.app */,
			);
			name = Products;
			sourceTree = "<group>";
		};
		EF8E5560250F594B002B3D78 /* TableViewControllerTest_1 */ = {
			isa = PBXGroup;
			children = (
				EF8E5561250F594B002B3D78 /* AppDelegate.swift */,
				EF8E5563250F594B002B3D78 /* SceneDelegate.swift */,
				EF8E5565250F594B002B3D78 /* ViewController.swift */,
				EF8E5575250F599B002B3D78 /* TestTableViewController.swift */,
				EF8E5567250F594B002B3D78 /* Main.storyboard */,
				EF8E556A250F594D002B3D78 /* Assets.xcassets */,
				EF8E556C250F594D002B3D78 /* LaunchScreen.storyboard */,
				EF8E556F250F594D002B3D78 /* Info.plist */,
			);
			path = TableViewControllerTest_1;
			sourceTree = "<group>";
		};
/* End PBXGroup section */

/* Begin PBXNativeTarget section */
		EF8E555D250F594B002B3D78 /* TableViewControllerTest_1 */ = {
			isa = PBXNativeTarget;
			buildConfigurationList = EF8E5572250F594D002B3D78 /* Build configuration list for PBXNativeTarget "TableViewControllerTest_1" */;
			buildPhases = (
				EF8E555A250F594B002B3D78 /* Sources */,
				EF8E555B250F594B002B3D78 /* Frameworks */,
				EF8E555C250F594B002B3D78 /* Resources */,
			);
			buildRules = (
			);
			dependencies = (
			);
			name = TableViewControllerTest_1;
			productName = TableViewControllerTest_1;
			productReference = EF8E555E250F594B002B3D78 /* TableViewControllerTest_1.app */;
			productType = "com.apple.product-type.application";
		};
/* End PBXNativeTarget section */

/* Begin PBXProject section */
		EF8E5556250F594B002B3D78 /* Project object */ = {
			isa = PBXProject;
			attributes = {
				LastSwiftUpdateCheck = 1160;
				LastUpgradeCheck = 1160;
				ORGANIZATIONNAME = "장서영";
				TargetAttributes = {
					EF8E555D250F594B002B3D78 = {
						CreatedOnToolsVersion = 11.6;
					};
				};
			};
			buildConfigurationList = EF8E5559250F594B002B3D78 /* Build configuration list for PBXProject "TableViewControllerTest_1" */;
			compatibilityVersion = "Xcode 9.3";
			developmentRegion = en;
			hasScannedForEncodings = 0;
			knownRegions = (
				en,
				Base,
			);
			mainGroup = EF8E5555250F594B002B3D78;
			productRefGroup = EF8E555F250F594B002B3D78 /* Products */;
			projectDirPath = "";
			projectRoot = "";
			targets = (
				EF8E555D250F594B002B3D78 /* TableViewControllerTest_1 */,
			);
		};
/* End PBXProject section */

/* Begin PBXResourcesBuildPhase section */
		EF8E555C250F594B002B3D78 /* Resources */ = {
			isa = PBXResourcesBuildPhase;
			buildActionMask = 2147483647;
			files = (
				EF8E556E250F594D002B3D78 /* LaunchScreen.storyboard in Resources */,
				EF8E556B250F594D002B3D78 /* Assets.xcassets in Resources */,
				EF8E5569250F594B002B3D78 /* Main.storyboard in Resources */,
			);
			runOnlyForDeploymentPostprocessing = 0;
		};
/* End PBXResourcesBuildPhase section */

/* Begin PBXSourcesBuildPhase section */
		EF8E555A250F594B002B3D78 /* Sources */ = {
			isa = PBXSourcesBuildPhase;
			buildActionMask = 2147483647;
			files = (
				EF8E5566250F594B002B3D78 /* ViewController.swift in Sources */,
				EF8E5562250F594B002B3D78 /* AppDelegate.swift in Sources */,
				EF8E5564250F594B002B3D78 /* SceneDelegate.swift in Sources */,
				EF8E5576250F599B002B3D78 /* TestTableViewController.swift in Sources */,
			);
			runOnlyForDeploymentPostprocessing = 0;
		};
/* End PBXSourcesBuildPhase section */

/* Begin PBXVariantGroup section */
		EF8E5567250F594B002B3D78 /* Main.storyboard */ = {
			isa = PBXVariantGroup;
			children = (
				EF8E5568250F594B002B3D78 /* Base */,
			);
			name = Main.storyboard;
			sourceTree = "<group>";
		};
		EF8E556C250F594D002B3D78 /* LaunchScreen.storyboard */ = {
			isa = PBXVariantGroup;
			children = (
				EF8E556D250F594D002B3D78 /* Base */,
			);
			name = LaunchScreen.storyboard;
			sourceTree = "<group>";
		};
/* End PBXVariantGroup section */

/* Begin XCBuildConfiguration section */
		EF8E5570250F594D002B3D78 /* Debug */ = {
			isa = XCBuildConfiguration;
			buildSettings = {
				ALWAYS_SEARCH_USER_PATHS = NO;
				CLANG_ANALYZER_NONNULL = YES;
				CLANG_ANALYZER_NUMBER_OBJECT_CONVERSION = YES_AGGRESSIVE;
				CLANG_CXX_LANGUAGE_STANDARD = "gnu++14";
				CLANG_CXX_LIBRARY = "libc++";
				CLANG_ENABLE_MODULES = YES;
				CLANG_ENABLE_OBJC_ARC = YES;
				CLANG_ENABLE_OBJC_WEAK = YES;
				CLANG_WARN_BLOCK_CAPTURE_AUTORELEASING = YES;
				CLANG_WARN_BOOL_CONVERSION = YES;
				CLANG_WARN_COMMA = YES;
				CLANG_WARN_CONSTANT_CONVERSION = YES;
				CLANG_WARN_DEPRECATED_OBJC_IMPLEMENTATIONS = YES;
				CLANG_WARN_DIRECT_OBJC_ISA_USAGE = YES_ERROR;
				CLANG_WARN_DOCUMENTATION_COMMENTS = YES;
				CLANG_WARN_EMPTY_BODY = YES;
				CLANG_WARN_ENUM_CONVERSION = YES;
				CLANG_WARN_INFINITE_RECURSION = YES;
				CLANG_WARN_INT_CONVERSION = YES;
				CLANG_WARN_NON_LITERAL_NULL_CONVERSION = YES;
				CLANG_WARN_OBJC_IMPLICIT_RETAIN_SELF = YES;
				CLANG_WARN_OBJC_LITERAL_CONVERSION = YES;
				CLANG_WARN_OBJC_ROOT_CLASS = YES_ERROR;
				CLANG_WARN_RANGE_LOOP_ANALYSIS = YES;
				CLANG_WARN_STRICT_PROTOTYPES = YES;
				CLANG_WARN_SUSPICIOUS_MOVE = YES;
				CLANG_WARN_UNGUARDED_AVAILABILITY = YES_AGGRESSIVE;
				CLANG_WARN_UNREACHABLE_CODE = YES;
				CLANG_WARN__DUPLICATE_METHOD_MATCH = YES;
				COPY_PHASE_STRIP = NO;
				DEBUG_INFORMATION_FORMAT = dwarf;
				ENABLE_STRICT_OBJC_MSGSEND = YES;
				ENABLE_TESTABILITY = YES;
				GCC_C_LANGUAGE_STANDARD = gnu11;
				GCC_DYNAMIC_NO_PIC = NO;
				GCC_NO_COMMON_BLOCKS = YES;
				GCC_OPTIMIZATION_LEVEL = 0;
				GCC_PREPROCESSOR_DEFINITIONS = (
					"DEBUG=1",
					"$(inherited)",
				);
				GCC_WARN_64_TO_32_BIT_CONVERSION = YES;
				GCC_WARN_ABOUT_RETURN_TYPE = YES_ERROR;
				GCC_WARN_UNDECLARED_SELECTOR = YES;
				GCC_WARN_UNINITIALIZED_AUTOS = YES_AGGRESSIVE;
				GCC_WARN_UNUSED_FUNCTION = YES;
				GCC_WARN_UNUSED_VARIABLE = YES;
				IPHONEOS_DEPLOYMENT_TARGET = 13.6;
				MTL_ENABLE_DEBUG_INFO = INCLUDE_SOURCE;
				MTL_FAST_MATH = YES;
				ONLY_ACTIVE_ARCH = YES;
				SDKROOT = iphoneos;
				SWIFT_ACTIVE_COMPILATION_CONDITIONS = DEBUG;
				SWIFT_OPTIMIZATION_LEVEL = "-Onone";
			};
			name = Debug;
		};
		EF8E5571250F594D002B3D78 /* Release */ = {
			isa = XCBuildConfiguration;
			buildSettings = {
				ALWAYS_SEARCH_USER_PATHS = NO;
				CLANG_ANALYZER_NONNULL = YES;
				CLANG_ANALYZER_NUMBER_OBJECT_CONVERSION = YES_AGGRESSIVE;
				CLANG_CXX_LANGUAGE_STANDARD = "gnu++14";
				CLANG_CXX_LIBRARY = "libc++";
				CLANG_ENABLE_MODULES = YES;
				CLANG_ENABLE_OBJC_ARC = YES;
				CLANG_ENABLE_OBJC_WEAK = YES;
				CLANG_WARN_BLOCK_CAPTURE_AUTORELEASING = YES;
				CLANG_WARN_BOOL_CONVERSION = YES;
				CLANG_WARN_COMMA = YES;
				CLANG_WARN_CONSTANT_CONVERSION = YES;
				CLANG_WARN_DEPRECATED_OBJC_IMPLEMENTATIONS = YES;
				CLANG_WARN_DIRECT_OBJC_ISA_USAGE = YES_ERROR;
				CLANG_WARN_DOCUMENTATION_COMMENTS = YES;
				CLANG_WARN_EMPTY_BODY = YES;
				CLANG_WARN_ENUM_CONVERSION = YES;
				CLANG_WARN_INFINITE_RECURSION = YES;
				CLANG_WARN_INT_CONVERSION = YES;
				CLANG_WARN_NON_LITERAL_NULL_CONVERSION = YES;
				CLANG_WARN_OBJC_IMPLICIT_RETAIN_SELF = YES;
				CLANG_WARN_OBJC_LITERAL_CONVERSION = YES;
				CLANG_WARN_OBJC_ROOT_CLASS = YES_ERROR;
				CLANG_WARN_RANGE_LOOP_ANALYSIS = YES;
				CLANG_WARN_STRICT_PROTOTYPES = YES;
				CLANG_WARN_SUSPICIOUS_MOVE = YES;
				CLANG_WARN_UNGUARDED_AVAILABILITY = YES_AGGRESSIVE;
				CLANG_WARN_UNREACHABLE_CODE = YES;
				CLANG_WARN__DUPLICATE_METHOD_MATCH = YES;
				COPY_PHASE_STRIP = NO;
				DEBUG_INFORMATION_FORMAT = "dwarf-with-dsym";
				ENABLE_NS_ASSERTIONS = NO;
				ENABLE_STRICT_OBJC_MSGSEND = YES;
				GCC_C_LANGUAGE_STANDARD = gnu11;
				GCC_NO_COMMON_BLOCKS = YES;
				GCC_WARN_64_TO_32_BIT_CONVERSION = YES;
				GCC_WARN_ABOUT_RETURN_TYPE = YES_ERROR;
				GCC_WARN_UNDECLARED_SELECTOR = YES;
				GCC_WARN_UNINITIALIZED_AUTOS = YES_AGGRESSIVE;
				GCC_WARN_UNUSED_FUNCTION = YES;
				GCC_WARN_UNUSED_VARIABLE = YES;
				IPHONEOS_DEPLOYMENT_TARGET = 13.6;
				MTL_ENABLE_DEBUG_INFO = NO;
				MTL_FAST_MATH = YES;
				SDKROOT = iphoneos;
				SWIFT_COMPILATION_MODE = wholemodule;
				SWIFT_OPTIMIZATION_LEVEL = "-O";
				VALIDATE_PRODUCT = YES;
			};
			name = Release;
		};
		EF8E5573250F594D002B3D78 /* Debug */ = {
			isa = XCBuildConfiguration;
			buildSettings = {
				ASSETCATALOG_COMPILER_APPICON_NAME = AppIcon;
				CODE_SIGN_STYLE = Automatic;
				INFOPLIST_FILE = TableViewControllerTest_1/Info.plist;
				LD_RUNPATH_SEARCH_PATHS = (
					"$(inherited)",
					"@executable_path/Frameworks",
				);
				PRODUCT_BUNDLE_IDENTIFIER = "JSY.TableViewControllerTest-1";
				PRODUCT_NAME = "$(TARGET_NAME)";
				SWIFT_VERSION = 5.0;
				TARGETED_DEVICE_FAMILY = "1,2";
			};
			name = Debug;
		};
		EF8E5574250F594D002B3D78 /* Release */ = {
			isa = XCBuildConfiguration;
			buildSettings = {
				ASSETCATALOG_COMPILER_APPICON_NAME = AppIcon;
				CODE_SIGN_STYLE = Automatic;
				INFOPLIST_FILE = TableViewControllerTest_1/Info.plist;
				LD_RUNPATH_SEARCH_PATHS = (
					"$(inherited)",
					"@executable_path/Frameworks",
				);
				PRODUCT_BUNDLE_IDENTIFIER = "JSY.TableViewControllerTest-1";
				PRODUCT_NAME = "$(TARGET_NAME)";
				SWIFT_VERSION = 5.0;
				TARGETED_DEVICE_FAMILY = "1,2";
			};
			name = Release;
		};
/* End XCBuildConfiguration section */

/* Begin XCConfigurationList section */
		EF8E5559250F594B002B3D78 /* Build configuration list for PBXProject "TableViewControllerTest_1" */ = {
			isa = XCConfigurationList;
			buildConfigurations = (
				EF8E5570250F594D002B3D78 /* Debug */,
				EF8E5571250F594D002B3D78 /* Release */,
			);
			defaultConfigurationIsVisible = 0;
			defaultConfigurationName = Release;
		};
		EF8E5572250F594D002B3D78 /* Build configuration list for PBXNativeTarget "TableViewControllerTest_1" */ = {
			isa = XCConfigurationList;
			buildConfigurations = (
				EF8E5573250F594D002B3D78 /* Debug */,
				EF8E5574250F594D002B3D78 /* Release */,
			);
			defaultConfigurationIsVisible = 0;
			defaultConfigurationName = Release;
		};
/* End XCConfigurationList section */
	};
	rootObject = EF8E5556250F594B002B3D78 /* Project object */;
}
