// !$*UTF8*$!
{
	archiveVersion = 1;
	classes = {
	};
	objectVersion = 50;
	objects = {

/* Begin PBXBuildFile section */
		EFDD69AB25D0350A0047BA38 /* AppDelegate.swift in Sources */ = {isa = PBXBuildFile; fileRef = EFDD69AA25D0350A0047BA38 /* AppDelegate.swift */; };
		EFDD69AD25D0350A0047BA38 /* SceneDelegate.swift in Sources */ = {isa = PBXBuildFile; fileRef = EFDD69AC25D0350A0047BA38 /* SceneDelegate.swift */; };
		EFDD69AF25D0350A0047BA38 /* HomeViewController.swift in Sources */ = {isa = PBXBuildFile; fileRef = EFDD69AE25D0350A0047BA38 /* HomeViewController.swift */; };
		EFDD69B225D0350A0047BA38 /* Main.storyboard in Resources */ = {isa = PBXBuildFile; fileRef = EFDD69B025D0350A0047BA38 /* Main.storyboard */; };
		EFDD69B425D0350D0047BA38 /* Assets.xcassets in Resources */ = {isa = PBXBuildFile; fileRef = EFDD69B325D0350D0047BA38 /* Assets.xcassets */; };
		EFDD69B725D0350D0047BA38 /* LaunchScreen.storyboard in Resources */ = {isa = PBXBuildFile; fileRef = EFDD69B525D0350D0047BA38 /* LaunchScreen.storyboard */; };
		EFDD69C625D035C10047BA38 /* ExploreViewController.swift in Sources */ = {isa = PBXBuildFile; fileRef = EFDD69C525D035C10047BA38 /* ExploreViewController.swift */; };
		EFDD69C925D035E50047BA38 /* CameraViewController.swift in Sources */ = {isa = PBXBuildFile; fileRef = EFDD69C825D035E50047BA38 /* CameraViewController.swift */; };
		EFDD69CC25D035F40047BA38 /* NotificationViewController.swift in Sources */ = {isa = PBXBuildFile; fileRef = EFDD69CB25D035F40047BA38 /* NotificationViewController.swift */; };
		EFDD69CF25D036030047BA38 /* ProfileViewController.swift in Sources */ = {isa = PBXBuildFile; fileRef = EFDD69CE25D036030047BA38 /* ProfileViewController.swift */; };
		EFDD69D725D036770047BA38 /* LoginViewController.swift in Sources */ = {isa = PBXBuildFile; fileRef = EFDD69D625D036770047BA38 /* LoginViewController.swift */; };
		EFDD69DB25D036980047BA38 /* RegistrationViewController.swift in Sources */ = {isa = PBXBuildFile; fileRef = EFDD69DA25D036980047BA38 /* RegistrationViewController.swift */; };
		EFDD69DE25D036C00047BA38 /* PostViewController.swift in Sources */ = {isa = PBXBuildFile; fileRef = EFDD69DD25D036C00047BA38 /* PostViewController.swift */; };
		EFDD69E125D036EE0047BA38 /* EditProfileViewController.swift in Sources */ = {isa = PBXBuildFile; fileRef = EFDD69E025D036EE0047BA38 /* EditProfileViewController.swift */; };
		EFDD69E425D037110047BA38 /* SettingsViewController.swift in Sources */ = {isa = PBXBuildFile; fileRef = EFDD69E325D037110047BA38 /* SettingsViewController.swift */; };
		EFDD69E725D0372A0047BA38 /* ListViewController.swift in Sources */ = {isa = PBXBuildFile; fileRef = EFDD69E625D0372A0047BA38 /* ListViewController.swift */; };
		EFDD69EA25D037440047BA38 /* SearchViewController.swift in Sources */ = {isa = PBXBuildFile; fileRef = EFDD69E925D037440047BA38 /* SearchViewController.swift */; };
		EFDD69ED25D0374F0047BA38 /* SearchResultViewController.swift in Sources */ = {isa = PBXBuildFile; fileRef = EFDD69EC25D0374F0047BA38 /* SearchResultViewController.swift */; };
/* End PBXBuildFile section */

/* Begin PBXFileReference section */
		EFDD69A725D0350A0047BA38 /* instagram.app */ = {isa = PBXFileReference; explicitFileType = wrapper.application; includeInIndex = 0; path = instagram.app; sourceTree = BUILT_PRODUCTS_DIR; };
		EFDD69AA25D0350A0047BA38 /* AppDelegate.swift */ = {isa = PBXFileReference; lastKnownFileType = sourcecode.swift; path = AppDelegate.swift; sourceTree = "<group>"; };
		EFDD69AC25D0350A0047BA38 /* SceneDelegate.swift */ = {isa = PBXFileReference; lastKnownFileType = sourcecode.swift; path = SceneDelegate.swift; sourceTree = "<group>"; };
		EFDD69AE25D0350A0047BA38 /* HomeViewController.swift */ = {isa = PBXFileReference; lastKnownFileType = sourcecode.swift; path = HomeViewController.swift; sourceTree = "<group>"; };
		EFDD69B125D0350A0047BA38 /* Base */ = {isa = PBXFileReference; lastKnownFileType = file.storyboard; name = Base; path = Base.lproj/Main.storyboard; sourceTree = "<group>"; };
		EFDD69B325D0350D0047BA38 /* Assets.xcassets */ = {isa = PBXFileReference; lastKnownFileType = folder.assetcatalog; path = Assets.xcassets; sourceTree = "<group>"; };
		EFDD69B625D0350D0047BA38 /* Base */ = {isa = PBXFileReference; lastKnownFileType = file.storyboard; name = Base; path = Base.lproj/LaunchScreen.storyboard; sourceTree = "<group>"; };
		EFDD69B825D0350D0047BA38 /* Info.plist */ = {isa = PBXFileReference; lastKnownFileType = text.plist.xml; path = Info.plist; sourceTree = "<group>"; };
		EFDD69C525D035C10047BA38 /* ExploreViewController.swift */ = {isa = PBXFileReference; lastKnownFileType = sourcecode.swift; path = ExploreViewController.swift; sourceTree = "<group>"; };
		EFDD69C825D035E50047BA38 /* CameraViewController.swift */ = {isa = PBXFileReference; lastKnownFileType = sourcecode.swift; path = CameraViewController.swift; sourceTree = "<group>"; };
		EFDD69CB25D035F40047BA38 /* NotificationViewController.swift */ = {isa = PBXFileReference; lastKnownFileType = sourcecode.swift; path = NotificationViewController.swift; sourceTree = "<group>"; };
		EFDD69CE25D036030047BA38 /* ProfileViewController.swift */ = {isa = PBXFileReference; lastKnownFileType = sourcecode.swift; path = ProfileViewController.swift; sourceTree = "<group>"; };
		EFDD69D625D036770047BA38 /* LoginViewController.swift */ = {isa = PBXFileReference; lastKnownFileType = sourcecode.swift; path = LoginViewController.swift; sourceTree = "<group>"; };
		EFDD69DA25D036980047BA38 /* RegistrationViewController.swift */ = {isa = PBXFileReference; lastKnownFileType = sourcecode.swift; path = RegistrationViewController.swift; sourceTree = "<group>"; };
		EFDD69DD25D036C00047BA38 /* PostViewController.swift */ = {isa = PBXFileReference; lastKnownFileType = sourcecode.swift; path = PostViewController.swift; sourceTree = "<group>"; };
		EFDD69E025D036EE0047BA38 /* EditProfileViewController.swift */ = {isa = PBXFileReference; lastKnownFileType = sourcecode.swift; path = EditProfileViewController.swift; sourceTree = "<group>"; };
		EFDD69E325D037110047BA38 /* SettingsViewController.swift */ = {isa = PBXFileReference; lastKnownFileType = sourcecode.swift; path = SettingsViewController.swift; sourceTree = "<group>"; };
		EFDD69E625D0372A0047BA38 /* ListViewController.swift */ = {isa = PBXFileReference; lastKnownFileType = sourcecode.swift; path = ListViewController.swift; sourceTree = "<group>"; };
		EFDD69E925D037440047BA38 /* SearchViewController.swift */ = {isa = PBXFileReference; lastKnownFileType = sourcecode.swift; path = SearchViewController.swift; sourceTree = "<group>"; };
		EFDD69EC25D0374F0047BA38 /* SearchResultViewController.swift */ = {isa = PBXFileReference; lastKnownFileType = sourcecode.swift; path = SearchResultViewController.swift; sourceTree = "<group>"; };
/* End PBXFileReference section */

/* Begin PBXFrameworksBuildPhase section */
		EFDD69A425D0350A0047BA38 /* Frameworks */ = {
			isa = PBXFrameworksBuildPhase;
			buildActionMask = 2147483647;
			files = (
			);
			runOnlyForDeploymentPostprocessing = 0;
		};
/* End PBXFrameworksBuildPhase section */

/* Begin PBXGroup section */
		EFDD699E25D0350A0047BA38 = {
			isa = PBXGroup;
			children = (
				EFDD69A925D0350A0047BA38 /* instagram */,
				EFDD69A825D0350A0047BA38 /* Products */,
			);
			sourceTree = "<group>";
		};
		EFDD69A825D0350A0047BA38 /* Products */ = {
			isa = PBXGroup;
			children = (
				EFDD69A725D0350A0047BA38 /* instagram.app */,
			);
			name = Products;
			sourceTree = "<group>";
		};
		EFDD69A925D0350A0047BA38 /* instagram */ = {
			isa = PBXGroup;
			children = (
				EFDD69C225D035360047BA38 /* Resources */,
				EFDD69C125D035300047BA38 /* Models */,
				EFDD69C025D0352B0047BA38 /* Views */,
				EFDD69BF25D0351D0047BA38 /* Controllers */,
				EFDD69B825D0350D0047BA38 /* Info.plist */,
			);
			path = instagram;
			sourceTree = "<group>";
		};
		EFDD69BF25D0351D0047BA38 /* Controllers */ = {
			isa = PBXGroup;
			children = (
				EFDD69D425D036560047BA38 /* Other */,
				EFDD69D125D036140047BA38 /* Core Tabs */,
			);
			path = Controllers;
			sourceTree = "<group>";
		};
		EFDD69C025D0352B0047BA38 /* Views */ = {
			isa = PBXGroup;
			children = (
				EFDD69B325D0350D0047BA38 /* Assets.xcassets */,
				EFDD69C325D035660047BA38 /* Storyboards */,
			);
			path = Views;
			sourceTree = "<group>";
		};
		EFDD69C125D035300047BA38 /* Models */ = {
			isa = PBXGroup;
			children = (
			);
			path = Models;
			sourceTree = "<group>";
		};
		EFDD69C225D035360047BA38 /* Resources */ = {
			isa = PBXGroup;
			children = (
				EFDD69AA25D0350A0047BA38 /* AppDelegate.swift */,
				EFDD69AC25D0350A0047BA38 /* SceneDelegate.swift */,
			);
			path = Resources;
			sourceTree = "<group>";
		};
		EFDD69C325D035660047BA38 /* Storyboards */ = {
			isa = PBXGroup;
			children = (
				EFDD69B025D0350A0047BA38 /* Main.storyboard */,
				EFDD69B525D0350D0047BA38 /* LaunchScreen.storyboard */,
			);
			path = Storyboards;
			sourceTree = "<group>";
		};
		EFDD69D125D036140047BA38 /* Core Tabs */ = {
			isa = PBXGroup;
			children = (
				EFDD69AE25D0350A0047BA38 /* HomeViewController.swift */,
				EFDD69C525D035C10047BA38 /* ExploreViewController.swift */,
				EFDD69C825D035E50047BA38 /* CameraViewController.swift */,
				EFDD69CB25D035F40047BA38 /* NotificationViewController.swift */,
				EFDD69CE25D036030047BA38 /* ProfileViewController.swift */,
			);
			path = "Core Tabs";
			sourceTree = "<group>";
		};
		EFDD69D425D036560047BA38 /* Other */ = {
			isa = PBXGroup;
			children = (
				EFDD69D525D0365C0047BA38 /* Onboarding */,
				EFDD69DD25D036C00047BA38 /* PostViewController.swift */,
				EFDD69E025D036EE0047BA38 /* EditProfileViewController.swift */,
				EFDD69E325D037110047BA38 /* SettingsViewController.swift */,
				EFDD69E625D0372A0047BA38 /* ListViewController.swift */,
				EFDD69E925D037440047BA38 /* SearchViewController.swift */,
				EFDD69EC25D0374F0047BA38 /* SearchResultViewController.swift */,
			);
			path = Other;
			sourceTree = "<group>";
		};
		EFDD69D525D0365C0047BA38 /* Onboarding */ = {
			isa = PBXGroup;
			children = (
				EFDD69D625D036770047BA38 /* LoginViewController.swift */,
				EFDD69DA25D036980047BA38 /* RegistrationViewController.swift */,
			);
			path = Onboarding;
			sourceTree = "<group>";
		};
/* End PBXGroup section */

/* Begin PBXNativeTarget section */
		EFDD69A625D0350A0047BA38 /* instagram */ = {
			isa = PBXNativeTarget;
			buildConfigurationList = EFDD69BB25D0350D0047BA38 /* Build configuration list for PBXNativeTarget "instagram" */;
			buildPhases = (
				EFDD69A325D0350A0047BA38 /* Sources */,
				EFDD69A425D0350A0047BA38 /* Frameworks */,
				EFDD69A525D0350A0047BA38 /* Resources */,
			);
			buildRules = (
			);
			dependencies = (
			);
			name = instagram;
			productName = instagram;
			productReference = EFDD69A725D0350A0047BA38 /* instagram.app */;
			productType = "com.apple.product-type.application";
		};
/* End PBXNativeTarget section */

/* Begin PBXProject section */
		EFDD699F25D0350A0047BA38 /* Project object */ = {
			isa = PBXProject;
			attributes = {
				LastSwiftUpdateCheck = 1240;
				LastUpgradeCheck = 1240;
				TargetAttributes = {
					EFDD69A625D0350A0047BA38 = {
						CreatedOnToolsVersion = 12.4;
					};
				};
			};
			buildConfigurationList = EFDD69A225D0350A0047BA38 /* Build configuration list for PBXProject "instagram" */;
			compatibilityVersion = "Xcode 9.3";
			developmentRegion = en;
			hasScannedForEncodings = 0;
			knownRegions = (
				en,
				Base,
			);
			mainGroup = EFDD699E25D0350A0047BA38;
			productRefGroup = EFDD69A825D0350A0047BA38 /* Products */;
			projectDirPath = "";
			projectRoot = "";
			targets = (
				EFDD69A625D0350A0047BA38 /* instagram */,
			);
		};
/* End PBXProject section */

/* Begin PBXResourcesBuildPhase section */
		EFDD69A525D0350A0047BA38 /* Resources */ = {
			isa = PBXResourcesBuildPhase;
			buildActionMask = 2147483647;
			files = (
				EFDD69B725D0350D0047BA38 /* LaunchScreen.storyboard in Resources */,
				EFDD69B425D0350D0047BA38 /* Assets.xcassets in Resources */,
				EFDD69B225D0350A0047BA38 /* Main.storyboard in Resources */,
			);
			runOnlyForDeploymentPostprocessing = 0;
		};
/* End PBXResourcesBuildPhase section */

/* Begin PBXSourcesBuildPhase section */
		EFDD69A325D0350A0047BA38 /* Sources */ = {
			isa = PBXSourcesBuildPhase;
			buildActionMask = 2147483647;
			files = (
				EFDD69E125D036EE0047BA38 /* EditProfileViewController.swift in Sources */,
				EFDD69C625D035C10047BA38 /* ExploreViewController.swift in Sources */,
				EFDD69C925D035E50047BA38 /* CameraViewController.swift in Sources */,
				EFDD69CC25D035F40047BA38 /* NotificationViewController.swift in Sources */,
				EFDD69DB25D036980047BA38 /* RegistrationViewController.swift in Sources */,
				EFDD69DE25D036C00047BA38 /* PostViewController.swift in Sources */,
				EFDD69AF25D0350A0047BA38 /* HomeViewController.swift in Sources */,
				EFDD69ED25D0374F0047BA38 /* SearchResultViewController.swift in Sources */,
				EFDD69D725D036770047BA38 /* LoginViewController.swift in Sources */,
				EFDD69EA25D037440047BA38 /* SearchViewController.swift in Sources */,
				EFDD69CF25D036030047BA38 /* ProfileViewController.swift in Sources */,
				EFDD69AB25D0350A0047BA38 /* AppDelegate.swift in Sources */,
				EFDD69AD25D0350A0047BA38 /* SceneDelegate.swift in Sources */,
				EFDD69E725D0372A0047BA38 /* ListViewController.swift in Sources */,
				EFDD69E425D037110047BA38 /* SettingsViewController.swift in Sources */,
			);
			runOnlyForDeploymentPostprocessing = 0;
		};
/* End PBXSourcesBuildPhase section */

/* Begin PBXVariantGroup section */
		EFDD69B025D0350A0047BA38 /* Main.storyboard */ = {
			isa = PBXVariantGroup;
			children = (
				EFDD69B125D0350A0047BA38 /* Base */,
			);
			name = Main.storyboard;
			sourceTree = "<group>";
		};
		EFDD69B525D0350D0047BA38 /* LaunchScreen.storyboard */ = {
			isa = PBXVariantGroup;
			children = (
				EFDD69B625D0350D0047BA38 /* Base */,
			);
			name = LaunchScreen.storyboard;
			sourceTree = "<group>";
		};
/* End PBXVariantGroup section */

/* Begin XCBuildConfiguration section */
		EFDD69B925D0350D0047BA38 /* Debug */ = {
			isa = XCBuildConfiguration;
			buildSettings = {
				ALWAYS_SEARCH_USER_PATHS = NO;
				CLANG_ANALYZER_NONNULL = YES;
				CLANG_ANALYZER_NUMBER_OBJECT_CONVERSION = YES_AGGRESSIVE;
				CLANG_CXX_LANGUAGE_STANDARD = "gnu++14";
				CLANG_CXX_LIBRARY = "libc++";
				CLANG_ENABLE_MODULES = YES;
				CLANG_ENABLE_OBJC_ARC = YES;
				CLANG_ENABLE_OBJC_WEAK = YES;
				CLANG_WARN_BLOCK_CAPTURE_AUTORELEASING = YES;
				CLANG_WARN_BOOL_CONVERSION = YES;
				CLANG_WARN_COMMA = YES;
				CLANG_WARN_CONSTANT_CONVERSION = YES;
				CLANG_WARN_DEPRECATED_OBJC_IMPLEMENTATIONS = YES;
				CLANG_WARN_DIRECT_OBJC_ISA_USAGE = YES_ERROR;
				CLANG_WARN_DOCUMENTATION_COMMENTS = YES;
				CLANG_WARN_EMPTY_BODY = YES;
				CLANG_WARN_ENUM_CONVERSION = YES;
				CLANG_WARN_INFINITE_RECURSION = YES;
				CLANG_WARN_INT_CONVERSION = YES;
				CLANG_WARN_NON_LITERAL_NULL_CONVERSION = YES;
				CLANG_WARN_OBJC_IMPLICIT_RETAIN_SELF = YES;
				CLANG_WARN_OBJC_LITERAL_CONVERSION = YES;
				CLANG_WARN_OBJC_ROOT_CLASS = YES_ERROR;
				CLANG_WARN_QUOTED_INCLUDE_IN_FRAMEWORK_HEADER = YES;
				CLANG_WARN_RANGE_LOOP_ANALYSIS = YES;
				CLANG_WARN_STRICT_PROTOTYPES = YES;
				CLANG_WARN_SUSPICIOUS_MOVE = YES;
				CLANG_WARN_UNGUARDED_AVAILABILITY = YES_AGGRESSIVE;
				CLANG_WARN_UNREACHABLE_CODE = YES;
				CLANG_WARN__DUPLICATE_METHOD_MATCH = YES;
				COPY_PHASE_STRIP = NO;
				DEBUG_INFORMATION_FORMAT = dwarf;
				ENABLE_STRICT_OBJC_MSGSEND = YES;
				ENABLE_TESTABILITY = YES;
				GCC_C_LANGUAGE_STANDARD = gnu11;
				GCC_DYNAMIC_NO_PIC = NO;
				GCC_NO_COMMON_BLOCKS = YES;
				GCC_OPTIMIZATION_LEVEL = 0;
				GCC_PREPROCESSOR_DEFINITIONS = (
					"DEBUG=1",
					"$(inherited)",
				);
				GCC_WARN_64_TO_32_BIT_CONVERSION = YES;
				GCC_WARN_ABOUT_RETURN_TYPE = YES_ERROR;
				GCC_WARN_UNDECLARED_SELECTOR = YES;
				GCC_WARN_UNINITIALIZED_AUTOS = YES_AGGRESSIVE;
				GCC_WARN_UNUSED_FUNCTION = YES;
				GCC_WARN_UNUSED_VARIABLE = YES;
				IPHONEOS_DEPLOYMENT_TARGET = 14.4;
				MTL_ENABLE_DEBUG_INFO = INCLUDE_SOURCE;
				MTL_FAST_MATH = YES;
				ONLY_ACTIVE_ARCH = YES;
				SDKROOT = iphoneos;
				SWIFT_ACTIVE_COMPILATION_CONDITIONS = DEBUG;
				SWIFT_OPTIMIZATION_LEVEL = "-Onone";
			};
			name = Debug;
		};
		EFDD69BA25D0350D0047BA38 /* Release */ = {
			isa = XCBuildConfiguration;
			buildSettings = {
				ALWAYS_SEARCH_USER_PATHS = NO;
				CLANG_ANALYZER_NONNULL = YES;
				CLANG_ANALYZER_NUMBER_OBJECT_CONVERSION = YES_AGGRESSIVE;
				CLANG_CXX_LANGUAGE_STANDARD = "gnu++14";
				CLANG_CXX_LIBRARY = "libc++";
				CLANG_ENABLE_MODULES = YES;
				CLANG_ENABLE_OBJC_ARC = YES;
				CLANG_ENABLE_OBJC_WEAK = YES;
				CLANG_WARN_BLOCK_CAPTURE_AUTORELEASING = YES;
				CLANG_WARN_BOOL_CONVERSION = YES;
				CLANG_WARN_COMMA = YES;
				CLANG_WARN_CONSTANT_CONVERSION = YES;
				CLANG_WARN_DEPRECATED_OBJC_IMPLEMENTATIONS = YES;
				CLANG_WARN_DIRECT_OBJC_ISA_USAGE = YES_ERROR;
				CLANG_WARN_DOCUMENTATION_COMMENTS = YES;
				CLANG_WARN_EMPTY_BODY = YES;
				CLANG_WARN_ENUM_CONVERSION = YES;
				CLANG_WARN_INFINITE_RECURSION = YES;
				CLANG_WARN_INT_CONVERSION = YES;
				CLANG_WARN_NON_LITERAL_NULL_CONVERSION = YES;
				CLANG_WARN_OBJC_IMPLICIT_RETAIN_SELF = YES;
				CLANG_WARN_OBJC_LITERAL_CONVERSION = YES;
				CLANG_WARN_OBJC_ROOT_CLASS = YES_ERROR;
				CLANG_WARN_QUOTED_INCLUDE_IN_FRAMEWORK_HEADER = YES;
				CLANG_WARN_RANGE_LOOP_ANALYSIS = YES;
				CLANG_WARN_STRICT_PROTOTYPES = YES;
				CLANG_WARN_SUSPICIOUS_MOVE = YES;
				CLANG_WARN_UNGUARDED_AVAILABILITY = YES_AGGRESSIVE;
				CLANG_WARN_UNREACHABLE_CODE = YES;
				CLANG_WARN__DUPLICATE_METHOD_MATCH = YES;
				COPY_PHASE_STRIP = NO;
				DEBUG_INFORMATION_FORMAT = "dwarf-with-dsym";
				ENABLE_NS_ASSERTIONS = NO;
				ENABLE_STRICT_OBJC_MSGSEND = YES;
				GCC_C_LANGUAGE_STANDARD = gnu11;
				GCC_NO_COMMON_BLOCKS = YES;
				GCC_WARN_64_TO_32_BIT_CONVERSION = YES;
				GCC_WARN_ABOUT_RETURN_TYPE = YES_ERROR;
				GCC_WARN_UNDECLARED_SELECTOR = YES;
				GCC_WARN_UNINITIALIZED_AUTOS = YES_AGGRESSIVE;
				GCC_WARN_UNUSED_FUNCTION = YES;
				GCC_WARN_UNUSED_VARIABLE = YES;
				IPHONEOS_DEPLOYMENT_TARGET = 14.4;
				MTL_ENABLE_DEBUG_INFO = NO;
				MTL_FAST_MATH = YES;
				SDKROOT = iphoneos;
				SWIFT_COMPILATION_MODE = wholemodule;
				SWIFT_OPTIMIZATION_LEVEL = "-O";
				VALIDATE_PRODUCT = YES;
			};
			name = Release;
		};
		EFDD69BC25D0350D0047BA38 /* Debug */ = {
			isa = XCBuildConfiguration;
			buildSettings = {
				ASSETCATALOG_COMPILER_APPICON_NAME = AppIcon;
				ASSETCATALOG_COMPILER_GLOBAL_ACCENT_COLOR_NAME = AccentColor;
				CODE_SIGN_STYLE = Automatic;
				INFOPLIST_FILE = instagram/Info.plist;
				LD_RUNPATH_SEARCH_PATHS = (
					"$(inherited)",
					"@executable_path/Frameworks",
				);
				PRODUCT_BUNDLE_IDENTIFIER = JSY.instagram;
				PRODUCT_NAME = "$(TARGET_NAME)";
				SWIFT_VERSION = 5.0;
				TARGETED_DEVICE_FAMILY = "1,2";
			};
			name = Debug;
		};
		EFDD69BD25D0350D0047BA38 /* Release */ = {
			isa = XCBuildConfiguration;
			buildSettings = {
				ASSETCATALOG_COMPILER_APPICON_NAME = AppIcon;
				ASSETCATALOG_COMPILER_GLOBAL_ACCENT_COLOR_NAME = AccentColor;
				CODE_SIGN_STYLE = Automatic;
				INFOPLIST_FILE = instagram/Info.plist;
				LD_RUNPATH_SEARCH_PATHS = (
					"$(inherited)",
					"@executable_path/Frameworks",
				);
				PRODUCT_BUNDLE_IDENTIFIER = JSY.instagram;
				PRODUCT_NAME = "$(TARGET_NAME)";
				SWIFT_VERSION = 5.0;
				TARGETED_DEVICE_FAMILY = "1,2";
			};
			name = Release;
		};
/* End XCBuildConfiguration section */

/* Begin XCConfigurationList section */
		EFDD69A225D0350A0047BA38 /* Build configuration list for PBXProject "instagram" */ = {
			isa = XCConfigurationList;
			buildConfigurations = (
				EFDD69B925D0350D0047BA38 /* Debug */,
				EFDD69BA25D0350D0047BA38 /* Release */,
			);
			defaultConfigurationIsVisible = 0;
			defaultConfigurationName = Release;
		};
		EFDD69BB25D0350D0047BA38 /* Build configuration list for PBXNativeTarget "instagram" */ = {
			isa = XCConfigurationList;
			buildConfigurations = (
				EFDD69BC25D0350D0047BA38 /* Debug */,
				EFDD69BD25D0350D0047BA38 /* Release */,
			);
			defaultConfigurationIsVisible = 0;
			defaultConfigurationName = Release;
		};
/* End XCConfigurationList section */
	};
	rootObject = EFDD699F25D0350A0047BA38 /* Project object */;
}
